
Microsoft Visual Studio Solution File, Format Version 12.00
# Visual Studio Version 16
VisualStudioVersion = 16.0.29728.190
MinimumVisualStudioVersion = 10.0.40219.1
Project("{888888A0-9F3D-457C-B088-3A5042F75D52}") = "AdvancedLanedetection", "AdvancedLanedetection\AdvancedLanedetection.pyproj", "{E57E5425-D751-4938-9D18-6B0B8E183A7C}"
EndProject
Global
	GlobalSection(SolutionConfigurationPlatforms) = preSolution
		Debug|Any CPU = Debug|Any CPU
		Release|Any CPU = Release|Any CPU
	EndGlobalSection
	GlobalSection(ProjectConfigurationPlatforms) = postSolution
		{E57E5425-D751-4938-9D18-6B0B8E183A7C}.Debug|Any CPU.ActiveCfg = Debug|Any CPU
		{E57E5425-D751-4938-9D18-6B0B8E183A7C}.Release|Any CPU.ActiveCfg = Release|Any CPU
	EndGlobalSection
	GlobalSection(SolutionProperties) = preSolution
		HideSolutionNode = FALSE
	EndGlobalSection
	GlobalSection(ExtensibilityGlobals) = postSolution
		SolutionGuid = {626EC35B-C08F-4675-AEBE-674F8F14F490}
	EndGlobalSection
EndGlobal
